
Microsoft Visual Studio Solution File, Format Version 12.00
# Visual Studio Version 17
VisualStudioVersion = 17.0.31717.71
MinimumVisualStudioVersion = 10.0.40219.1
Project("{9A19103F-16F7-4668-BE54-9A1E7A4F7556}") = "PgRoutiner", "PgRoutiner\PgRoutiner.csproj", "{BCCC67BF-188D-4107-902A-5930CBDD8688}"
EndProject
Project("{2150E333-8FDC-42A3-9474-1A3956D46DE8}") = "Solution Items", "Solution Items", "{3DE97662-9335-4526-B256-C70980C9CED8}"
	ProjectSection(SolutionItems) = preProject
		.github\workflows\build-publish.yml = .github\workflows\build-publish.yml
		changelog.md = changelog.md
		Dockerfile = Dockerfile
		README.md = README.md
	EndProjectSection
EndProject
Global
	GlobalSection(SolutionConfigurationPlatforms) = preSolution
		Debug|Any CPU = Debug|Any CPU
		Release|Any CPU = Release|Any CPU
		SelfContained|Any CPU = SelfContained|Any CPU
	EndGlobalSection
	GlobalSection(ProjectConfigurationPlatforms) = postSolution
		{BCCC67BF-188D-4107-902A-5930CBDD8688}.Debug|Any CPU.ActiveCfg = Debug|Any CPU
		{BCCC67BF-188D-4107-902A-5930CBDD8688}.Debug|Any CPU.Build.0 = Debug|Any CPU
		{BCCC67BF-188D-4107-902A-5930CBDD8688}.Release|Any CPU.ActiveCfg = Release|Any CPU
		{BCCC67BF-188D-4107-902A-5930CBDD8688}.Release|Any CPU.Build.0 = Release|Any CPU
		{BCCC67BF-188D-4107-902A-5930CBDD8688}.SelfContained|Any CPU.ActiveCfg = SelfContained|Any CPU
		{BCCC67BF-188D-4107-902A-5930CBDD8688}.SelfContained|Any CPU.Build.0 = SelfContained|Any CPU
	EndGlobalSection
	GlobalSection(SolutionProperties) = preSolution
		HideSolutionNode = FALSE
	EndGlobalSection
	GlobalSection(ExtensibilityGlobals) = postSolution
		SolutionGuid = {F6C66491-7B92-46EA-8571-A91FC28CAA87}
	EndGlobalSection
EndGlobal
