
Microsoft Visual Studio Solution File, Format Version 12.00
# Visual Studio Version 16
VisualStudioVersion = 16.0.30114.105
MinimumVisualStudioVersion = 10.0.40219.1
Project("{9A19103F-16F7-4668-BE54-9A1E7A4F7556}") = "PgRoutiner", "PgRoutiner\PgRoutiner.csproj", "{BCCC67BF-188D-4107-902A-5930CBDD8688}"
EndProject
Project("{2150E333-8FDC-42A3-9474-1A3956D46DE8}") = "Solution Items", "Solution Items", "{3DE97662-9335-4526-B256-C70980C9CED8}"
	ProjectSection(SolutionItems) = preProject
		.github\workflows\build-publish.yml = .github\workflows\build-publish.yml
		README.md = README.md
		VERSION-HISTORY.md = VERSION-HISTORY.md
	EndProjectSection
EndProject
Project("{9A19103F-16F7-4668-BE54-9A1E7A4F7556}") = "PgRoutinerTests", "PgRoutinerTests\PgRoutinerTests.csproj", "{CBFC6027-9A1A-4FE8-A1A7-1EB54F35406C}"
EndProject
Global
	GlobalSection(SolutionConfigurationPlatforms) = preSolution
		Debug|Any CPU = Debug|Any CPU
		Release|Any CPU = Release|Any CPU
	EndGlobalSection
	GlobalSection(ProjectConfigurationPlatforms) = postSolution
		{BCCC67BF-188D-4107-902A-5930CBDD8688}.Debug|Any CPU.ActiveCfg = Debug|Any CPU
		{BCCC67BF-188D-4107-902A-5930CBDD8688}.Debug|Any CPU.Build.0 = Debug|Any CPU
		{BCCC67BF-188D-4107-902A-5930CBDD8688}.Release|Any CPU.ActiveCfg = Release|Any CPU
		{BCCC67BF-188D-4107-902A-5930CBDD8688}.Release|Any CPU.Build.0 = Release|Any CPU
		{CBFC6027-9A1A-4FE8-A1A7-1EB54F35406C}.Debug|Any CPU.ActiveCfg = Debug|Any CPU
		{CBFC6027-9A1A-4FE8-A1A7-1EB54F35406C}.Debug|Any CPU.Build.0 = Debug|Any CPU
		{CBFC6027-9A1A-4FE8-A1A7-1EB54F35406C}.Release|Any CPU.ActiveCfg = Release|Any CPU
		{CBFC6027-9A1A-4FE8-A1A7-1EB54F35406C}.Release|Any CPU.Build.0 = Release|Any CPU
	EndGlobalSection
	GlobalSection(SolutionProperties) = preSolution
		HideSolutionNode = FALSE
	EndGlobalSection
	GlobalSection(ExtensibilityGlobals) = postSolution
		SolutionGuid = {F6C66491-7B92-46EA-8571-A91FC28CAA87}
	EndGlobalSection
EndGlobal
